
Microsoft Visual Studio Solution File, Format Version 12.00
# Visual Studio Version 17
VisualStudioVersion = 17.4.33403.182
MinimumVisualStudioVersion = 10.0.40219.1
Project("{FAE04EC0-301F-11D3-BF4B-00C04F79EFBC}") = "Theatre", "Theatre\Theatre.csproj", "{423D2AA7-6926-4CBD-8FD1-AE5AC5759BA7}"
EndProject
Global
	GlobalSection(SolutionConfigurationPlatforms) = preSolution
		Debug|Any CPU = Debug|Any CPU
		Release|Any CPU = Release|Any CPU
	EndGlobalSection
	GlobalSection(ProjectConfigurationPlatforms) = postSolution
		{423D2AA7-6926-4CBD-8FD1-AE5AC5759BA7}.Debug|Any CPU.ActiveCfg = Debug|Any CPU
		{423D2AA7-6926-4CBD-8FD1-AE5AC5759BA7}.Debug|Any CPU.Build.0 = Debug|Any CPU
		{423D2AA7-6926-4CBD-8FD1-AE5AC5759BA7}.Release|Any CPU.ActiveCfg = Release|Any CPU
		{423D2AA7-6926-4CBD-8FD1-AE5AC5759BA7}.Release|Any CPU.Build.0 = Release|Any CPU
	EndGlobalSection
	GlobalSection(SolutionProperties) = preSolution
		HideSolutionNode = FALSE
	EndGlobalSection
	GlobalSection(ExtensibilityGlobals) = postSolution
		SolutionGuid = {6A5C5826-6E4E-4FF0-8883-6256DE0E9CDE}
	EndGlobalSection
EndGlobal
