
Microsoft Visual Studio Solution File, Format Version 12.00
# Visual Studio Version 17
VisualStudioVersion = 17.4.33403.182
MinimumVisualStudioVersion = 10.0.40219.1
Project("{FAE04EC0-301F-11D3-BF4B-00C04F79EFBC}") = "Shapes", "Shapes\Shapes.csproj", "{5AB2DA22-6863-4328-B2B7-288E12DFD58B}"
EndProject
Global
	GlobalSection(SolutionConfigurationPlatforms) = preSolution
		Debug|Any CPU = Debug|Any CPU
		Release|Any CPU = Release|Any CPU
	EndGlobalSection
	GlobalSection(ProjectConfigurationPlatforms) = postSolution
		{5AB2DA22-6863-4328-B2B7-288E12DFD58B}.Debug|Any CPU.ActiveCfg = Debug|Any CPU
		{5AB2DA22-6863-4328-B2B7-288E12DFD58B}.Debug|Any CPU.Build.0 = Debug|Any CPU
		{5AB2DA22-6863-4328-B2B7-288E12DFD58B}.Release|Any CPU.ActiveCfg = Release|Any CPU
		{5AB2DA22-6863-4328-B2B7-288E12DFD58B}.Release|Any CPU.Build.0 = Release|Any CPU
	EndGlobalSection
	GlobalSection(SolutionProperties) = preSolution
		HideSolutionNode = FALSE
	EndGlobalSection
	GlobalSection(ExtensibilityGlobals) = postSolution
		SolutionGuid = {362D1A7B-2342-4CEE-917D-555B261CE66F}
	EndGlobalSection
EndGlobal
